// !$*UTF8*$!
{
	archiveVersion = 1;
	classes = {
	};
	objectVersion = 46;
	objects = {

/* Begin PBXBuildFile section */
		5086C1BF1F15FAEA007A2D75 /* TypewriterMode.swift in Sources */ = {isa = PBXBuildFile; fileRef = 5086C1BE1F15FAEA007A2D75 /* TypewriterMode.swift */; };
		5086C1C11F15FB05007A2D75 /* BottomOverscrollFlexibleTypewriterMode.swift in Sources */ = {isa = PBXBuildFile; fileRef = 5086C1C01F15FB05007A2D75 /* BottomOverscrollFlexibleTypewriterMode.swift */; };
		5086C1C31F15FBC0007A2D75 /* FullOverscrollFlexibleTypewriterMode.swift in Sources */ = {isa = PBXBuildFile; fileRef = 5086C1C21F15FBC0007A2D75 /* FullOverscrollFlexibleTypewriterMode.swift */; };
		5086C1C51F1611DB007A2D75 /* FixedTypewriterMode.swift in Sources */ = {isa = PBXBuildFile; fileRef = 5086C1C41F1611DB007A2D75 /* FixedTypewriterMode.swift */; };
		508B7D7B1F16289F0001BFA7 /* FinalFantasyTypewriterMode.swift in Sources */ = {isa = PBXBuildFile; fileRef = 508B7D7A1F16289F0001BFA7 /* FinalFantasyTypewriterMode.swift */; };
		50CBA4801F0A35760092E8ED /* AppDelegate.swift in Sources */ = {isa = PBXBuildFile; fileRef = 50CBA47F1F0A35760092E8ED /* AppDelegate.swift */; };
		50CBA4821F0A35760092E8ED /* ViewController.swift in Sources */ = {isa = PBXBuildFile; fileRef = 50CBA4811F0A35760092E8ED /* ViewController.swift */; };
		50CBA4841F0A35760092E8ED /* Assets.xcassets in Resources */ = {isa = PBXBuildFile; fileRef = 50CBA4831F0A35760092E8ED /* Assets.xcassets */; };
		50CBA4871F0A35760092E8ED /* Main.storyboard in Resources */ = {isa = PBXBuildFile; fileRef = 50CBA4851F0A35760092E8ED /* Main.storyboard */; };
		50EE35321F0CE5C500918B01 /* TypewriterTextStorage.swift in Sources */ = {isa = PBXBuildFile; fileRef = 50EE35311F0CE5C500918B01 /* TypewriterTextStorage.swift */; };
		50EE35341F0CE5F600918B01 /* TypewriterTextView.swift in Sources */ = {isa = PBXBuildFile; fileRef = 50EE35331F0CE5F600918B01 /* TypewriterTextView.swift */; };
/* End PBXBuildFile section */

/* Begin PBXFileReference section */
		507C47FC1F189D13009D43E3 /* LICENSE */ = {isa = PBXFileReference; fileEncoding = 4; lastKnownFileType = text; path = LICENSE; sourceTree = "<group>"; };
		507C47FD1F189D13009D43E3 /* README.md */ = {isa = PBXFileReference; fileEncoding = 4; lastKnownFileType = net.daringfireball.markdown; path = README.md; sourceTree = "<group>"; };
		507C48001F189F38009D43E3 /* CONTRIBUTING.md */ = {isa = PBXFileReference; fileEncoding = 4; lastKnownFileType = net.daringfireball.markdown; path = CONTRIBUTING.md; sourceTree = "<group>"; };
		5086C1BE1F15FAEA007A2D75 /* TypewriterMode.swift */ = {isa = PBXFileReference; fileEncoding = 4; lastKnownFileType = sourcecode.swift; path = TypewriterMode.swift; sourceTree = "<group>"; };
		5086C1C01F15FB05007A2D75 /* BottomOverscrollFlexibleTypewriterMode.swift */ = {isa = PBXFileReference; fileEncoding = 4; lastKnownFileType = sourcecode.swift; path = BottomOverscrollFlexibleTypewriterMode.swift; sourceTree = "<group>"; };
		5086C1C21F15FBC0007A2D75 /* FullOverscrollFlexibleTypewriterMode.swift */ = {isa = PBXFileReference; fileEncoding = 4; lastKnownFileType = sourcecode.swift; path = FullOverscrollFlexibleTypewriterMode.swift; sourceTree = "<group>"; };
		5086C1C41F1611DB007A2D75 /* FixedTypewriterMode.swift */ = {isa = PBXFileReference; fileEncoding = 4; lastKnownFileType = sourcecode.swift; path = FixedTypewriterMode.swift; sourceTree = "<group>"; };
		508B7D7A1F16289F0001BFA7 /* FinalFantasyTypewriterMode.swift */ = {isa = PBXFileReference; fileEncoding = 4; lastKnownFileType = sourcecode.swift; path = FinalFantasyTypewriterMode.swift; sourceTree = "<group>"; };
		50CBA47C1F0A35760092E8ED /* Typewriter.app */ = {isa = PBXFileReference; explicitFileType = wrapper.application; includeInIndex = 0; path = Typewriter.app; sourceTree = BUILT_PRODUCTS_DIR; };
		50CBA47F1F0A35760092E8ED /* AppDelegate.swift */ = {isa = PBXFileReference; lastKnownFileType = sourcecode.swift; path = AppDelegate.swift; sourceTree = "<group>"; };
		50CBA4811F0A35760092E8ED /* ViewController.swift */ = {isa = PBXFileReference; lastKnownFileType = sourcecode.swift; path = ViewController.swift; sourceTree = "<group>"; };
		50CBA4831F0A35760092E8ED /* Assets.xcassets */ = {isa = PBXFileReference; lastKnownFileType = folder.assetcatalog; path = Assets.xcassets; sourceTree = "<group>"; };
		50CBA4861F0A35760092E8ED /* Base */ = {isa = PBXFileReference; lastKnownFileType = file.storyboard; name = Base; path = Base.lproj/Main.storyboard; sourceTree = "<group>"; };
		50CBA4881F0A35760092E8ED /* Info.plist */ = {isa = PBXFileReference; lastKnownFileType = text.plist.xml; path = Info.plist; sourceTree = "<group>"; };
		50EE35311F0CE5C500918B01 /* TypewriterTextStorage.swift */ = {isa = PBXFileReference; fileEncoding = 4; lastKnownFileType = sourcecode.swift; path = TypewriterTextStorage.swift; sourceTree = "<group>"; };
		50EE35331F0CE5F600918B01 /* TypewriterTextView.swift */ = {isa = PBXFileReference; fileEncoding = 4; lastKnownFileType = sourcecode.swift; path = TypewriterTextView.swift; sourceTree = "<group>"; };
/* End PBXFileReference section */

/* Begin PBXFrameworksBuildPhase section */
		50CBA4791F0A35760092E8ED /* Frameworks */ = {
			isa = PBXFrameworksBuildPhase;
			buildActionMask = 2147483647;
			files = (
			);
			runOnlyForDeploymentPostprocessing = 0;
		};
/* End PBXFrameworksBuildPhase section */

/* Begin PBXGroup section */
		50CBA4731F0A35760092E8ED = {
			isa = PBXGroup;
			children = (
				507C47FD1F189D13009D43E3 /* README.md */,
				507C48001F189F38009D43E3 /* CONTRIBUTING.md */,
				507C47FC1F189D13009D43E3 /* LICENSE */,
				50CBA47E1F0A35760092E8ED /* Typewriter */,
				50CBA47D1F0A35760092E8ED /* Products */,
			);
			sourceTree = "<group>";
		};
		50CBA47D1F0A35760092E8ED /* Products */ = {
			isa = PBXGroup;
			children = (
				50CBA47C1F0A35760092E8ED /* Typewriter.app */,
			);
			name = Products;
			sourceTree = "<group>";
		};
		50CBA47E1F0A35760092E8ED /* Typewriter */ = {
			isa = PBXGroup;
			children = (
				50CBA47F1F0A35760092E8ED /* AppDelegate.swift */,
				50CBA4811F0A35760092E8ED /* ViewController.swift */,
				50EE35311F0CE5C500918B01 /* TypewriterTextStorage.swift */,
				50EE35331F0CE5F600918B01 /* TypewriterTextView.swift */,
				5086C1BE1F15FAEA007A2D75 /* TypewriterMode.swift */,
				5086C1C41F1611DB007A2D75 /* FixedTypewriterMode.swift */,
				508B7D7A1F16289F0001BFA7 /* FinalFantasyTypewriterMode.swift */,
				5086C1C21F15FBC0007A2D75 /* FullOverscrollFlexibleTypewriterMode.swift */,
				5086C1C01F15FB05007A2D75 /* BottomOverscrollFlexibleTypewriterMode.swift */,
				50CBA4831F0A35760092E8ED /* Assets.xcassets */,
				50CBA4851F0A35760092E8ED /* Main.storyboard */,
				50CBA4881F0A35760092E8ED /* Info.plist */,
			);
			path = Typewriter;
			sourceTree = "<group>";
		};
/* End PBXGroup section */

/* Begin PBXNativeTarget section */
		50CBA47B1F0A35760092E8ED /* Typewriter */ = {
			isa = PBXNativeTarget;
			buildConfigurationList = 50CBA48B1F0A35770092E8ED /* Build configuration list for PBXNativeTarget "Typewriter" */;
			buildPhases = (
				50CBA4781F0A35760092E8ED /* Sources */,
				50CBA4791F0A35760092E8ED /* Frameworks */,
				50CBA47A1F0A35760092E8ED /* Resources */,
			);
			buildRules = (
			);
			dependencies = (
			);
			name = Typewriter;
			productName = Typewriter;
			productReference = 50CBA47C1F0A35760092E8ED /* Typewriter.app */;
			productType = "com.apple.product-type.application";
		};
/* End PBXNativeTarget section */

/* Begin PBXProject section */
		50CBA4741F0A35760092E8ED /* Project object */ = {
			isa = PBXProject;
			attributes = {
				LastSwiftUpdateCheck = 0830;
				LastUpgradeCheck = 0830;
				ORGANIZATIONNAME = "Christian Tietze";
				TargetAttributes = {
					50CBA47B1F0A35760092E8ED = {
						CreatedOnToolsVersion = 8.3.2;
						DevelopmentTeam = FRMDA3XRGC;
						ProvisioningStyle = Automatic;
					};
				};
			};
			buildConfigurationList = 50CBA4771F0A35760092E8ED /* Build configuration list for PBXProject "Typewriter" */;
			compatibilityVersion = "Xcode 3.2";
			developmentRegion = English;
			hasScannedForEncodings = 0;
			knownRegions = (
				en,
				Base,
			);
			mainGroup = 50CBA4731F0A35760092E8ED;
			productRefGroup = 50CBA47D1F0A35760092E8ED /* Products */;
			projectDirPath = "";
			projectRoot = "";
			targets = (
				50CBA47B1F0A35760092E8ED /* Typewriter */,
			);
		};
/* End PBXProject section */

/* Begin PBXResourcesBuildPhase section */
		50CBA47A1F0A35760092E8ED /* Resources */ = {
			isa = PBXResourcesBuildPhase;
			buildActionMask = 2147483647;
			files = (
				50CBA4841F0A35760092E8ED /* Assets.xcassets in Resources */,
				50CBA4871F0A35760092E8ED /* Main.storyboard in Resources */,
			);
			runOnlyForDeploymentPostprocessing = 0;
		};
/* End PBXResourcesBuildPhase section */

/* Begin PBXSourcesBuildPhase section */
		50CBA4781F0A35760092E8ED /* Sources */ = {
			isa = PBXSourcesBuildPhase;
			buildActionMask = 2147483647;
			files = (
				5086C1C51F1611DB007A2D75 /* FixedTypewriterMode.swift in Sources */,
				5086C1C11F15FB05007A2D75 /* BottomOverscrollFlexibleTypewriterMode.swift in Sources */,
				508B7D7B1F16289F0001BFA7 /* FinalFantasyTypewriterMode.swift in Sources */,
				50CBA4821F0A35760092E8ED /* ViewController.swift in Sources */,
				5086C1C31F15FBC0007A2D75 /* FullOverscrollFlexibleTypewriterMode.swift in Sources */,
				50CBA4801F0A35760092E8ED /* AppDelegate.swift in Sources */,
				5086C1BF1F15FAEA007A2D75 /* TypewriterMode.swift in Sources */,
				50EE35341F0CE5F600918B01 /* TypewriterTextView.swift in Sources */,
				50EE35321F0CE5C500918B01 /* TypewriterTextStorage.swift in Sources */,
			);
			runOnlyForDeploymentPostprocessing = 0;
		};
/* End PBXSourcesBuildPhase section */

/* Begin PBXVariantGroup section */
		50CBA4851F0A35760092E8ED /* Main.storyboard */ = {
			isa = PBXVariantGroup;
			children = (
				50CBA4861F0A35760092E8ED /* Base */,
			);
			name = Main.storyboard;
			sourceTree = "<group>";
		};
/* End PBXVariantGroup section */

/* Begin XCBuildConfiguration section */
		50CBA4891F0A35770092E8ED /* Debug */ = {
			isa = XCBuildConfiguration;
			buildSettings = {
				ALWAYS_SEARCH_USER_PATHS = NO;
				CLANG_ANALYZER_NONNULL = YES;
				CLANG_ANALYZER_NUMBER_OBJECT_CONVERSION = YES_AGGRESSIVE;
				CLANG_CXX_LANGUAGE_STANDARD = "gnu++0x";
				CLANG_CXX_LIBRARY = "libc++";
				CLANG_ENABLE_MODULES = YES;
				CLANG_ENABLE_OBJC_ARC = YES;
				CLANG_WARN_BOOL_CONVERSION = YES;
				CLANG_WARN_CONSTANT_CONVERSION = YES;
				CLANG_WARN_DIRECT_OBJC_ISA_USAGE = YES_ERROR;
				CLANG_WARN_DOCUMENTATION_COMMENTS = YES;
				CLANG_WARN_EMPTY_BODY = YES;
				CLANG_WARN_ENUM_CONVERSION = YES;
				CLANG_WARN_INFINITE_RECURSION = YES;
				CLANG_WARN_INT_CONVERSION = YES;
				CLANG_WARN_OBJC_ROOT_CLASS = YES_ERROR;
				CLANG_WARN_SUSPICIOUS_MOVE = YES;
				CLANG_WARN_UNREACHABLE_CODE = YES;
				CLANG_WARN__DUPLICATE_METHOD_MATCH = YES;
				CODE_SIGN_IDENTITY = "-";
				COPY_PHASE_STRIP = NO;
				DEBUG_INFORMATION_FORMAT = dwarf;
				ENABLE_STRICT_OBJC_MSGSEND = YES;
				ENABLE_TESTABILITY = YES;
				GCC_C_LANGUAGE_STANDARD = gnu99;
				GCC_DYNAMIC_NO_PIC = NO;
				GCC_NO_COMMON_BLOCKS = YES;
				GCC_OPTIMIZATION_LEVEL = 0;
				GCC_PREPROCESSOR_DEFINITIONS = (
					"DEBUG=1",
					"$(inherited)",
				);
				GCC_WARN_64_TO_32_BIT_CONVERSION = YES;
				GCC_WARN_ABOUT_RETURN_TYPE = YES_ERROR;
				GCC_WARN_UNDECLARED_SELECTOR = YES;
				GCC_WARN_UNINITIALIZED_AUTOS = YES_AGGRESSIVE;
				GCC_WARN_UNUSED_FUNCTION = YES;
				GCC_WARN_UNUSED_VARIABLE = YES;
				MACOSX_DEPLOYMENT_TARGET = 10.12;
				MTL_ENABLE_DEBUG_INFO = YES;
				ONLY_ACTIVE_ARCH = YES;
				SDKROOT = macosx;
				SWIFT_ACTIVE_COMPILATION_CONDITIONS = DEBUG;
				SWIFT_OPTIMIZATION_LEVEL = "-Onone";
			};
			name = Debug;
		};
		50CBA48A1F0A35770092E8ED /* Release */ = {
			isa = XCBuildConfiguration;
			buildSettings = {
				ALWAYS_SEARCH_USER_PATHS = NO;
				CLANG_ANALYZER_NONNULL = YES;
				CLANG_ANALYZER_NUMBER_OBJECT_CONVERSION = YES_AGGRESSIVE;
				CLANG_CXX_LANGUAGE_STANDARD = "gnu++0x";
				CLANG_CXX_LIBRARY = "libc++";
				CLANG_ENABLE_MODULES = YES;
				CLANG_ENABLE_OBJC_ARC = YES;
				CLANG_WARN_BOOL_CONVERSION = YES;
				CLANG_WARN_CONSTANT_CONVERSION = YES;
				CLANG_WARN_DIRECT_OBJC_ISA_USAGE = YES_ERROR;
				CLANG_WARN_DOCUMENTATION_COMMENTS = YES;
				CLANG_WARN_EMPTY_BODY = YES;
				CLANG_WARN_ENUM_CONVERSION = YES;
				CLANG_WARN_INFINITE_RECURSION = YES;
				CLANG_WARN_INT_CONVERSION = YES;
				CLANG_WARN_OBJC_ROOT_CLASS = YES_ERROR;
				CLANG_WARN_SUSPICIOUS_MOVE = YES;
				CLANG_WARN_UNREACHABLE_CODE = YES;
				CLANG_WARN__DUPLICATE_METHOD_MATCH = YES;
				CODE_SIGN_IDENTITY = "-";
				COPY_PHASE_STRIP = NO;
				DEBUG_INFORMATION_FORMAT = "dwarf-with-dsym";
				ENABLE_NS_ASSERTIONS = NO;
				ENABLE_STRICT_OBJC_MSGSEND = YES;
				GCC_C_LANGUAGE_STANDARD = gnu99;
				GCC_NO_COMMON_BLOCKS = YES;
				GCC_WARN_64_TO_32_BIT_CONVERSION = YES;
				GCC_WARN_ABOUT_RETURN_TYPE = YES_ERROR;
				GCC_WARN_UNDECLARED_SELECTOR = YES;
				GCC_WARN_UNINITIALIZED_AUTOS = YES_AGGRESSIVE;
				GCC_WARN_UNUSED_FUNCTION = YES;
				GCC_WARN_UNUSED_VARIABLE = YES;
				MACOSX_DEPLOYMENT_TARGET = 10.12;
				MTL_ENABLE_DEBUG_INFO = NO;
				SDKROOT = macosx;
				SWIFT_OPTIMIZATION_LEVEL = "-Owholemodule";
			};
			name = Release;
		};
		50CBA48C1F0A35770092E8ED /* Debug */ = {
			isa = XCBuildConfiguration;
			buildSettings = {
				ASSETCATALOG_COMPILER_APPICON_NAME = AppIcon;
				COMBINE_HIDPI_IMAGES = YES;
				DEVELOPMENT_TEAM = FRMDA3XRGC;
				INFOPLIST_FILE = Typewriter/Info.plist;
				LD_RUNPATH_SEARCH_PATHS = "$(inherited) @executable_path/../Frameworks";
				PRODUCT_BUNDLE_IDENTIFIER = de.christiantietze.Typewriter;
				PRODUCT_NAME = "$(TARGET_NAME)";
				SWIFT_VERSION = 3.0;
			};
			name = Debug;
		};
		50CBA48D1F0A35770092E8ED /* Release */ = {
			isa = XCBuildConfiguration;
			buildSettings = {
				ASSETCATALOG_COMPILER_APPICON_NAME = AppIcon;
				COMBINE_HIDPI_IMAGES = YES;
				DEVELOPMENT_TEAM = FRMDA3XRGC;
				INFOPLIST_FILE = Typewriter/Info.plist;
				LD_RUNPATH_SEARCH_PATHS = "$(inherited) @executable_path/../Frameworks";
				PRODUCT_BUNDLE_IDENTIFIER = de.christiantietze.Typewriter;
				PRODUCT_NAME = "$(TARGET_NAME)";
				SWIFT_VERSION = 3.0;
			};
			name = Release;
		};
/* End XCBuildConfiguration section */

/* Begin XCConfigurationList section */
		50CBA4771F0A35760092E8ED /* Build configuration list for PBXProject "Typewriter" */ = {
			isa = XCConfigurationList;
			buildConfigurations = (
				50CBA4891F0A35770092E8ED /* Debug */,
				50CBA48A1F0A35770092E8ED /* Release */,
			);
			defaultConfigurationIsVisible = 0;
			defaultConfigurationName = Release;
		};
		50CBA48B1F0A35770092E8ED /* Build configuration list for PBXNativeTarget "Typewriter" */ = {
			isa = XCConfigurationList;
			buildConfigurations = (
				50CBA48C1F0A35770092E8ED /* Debug */,
				50CBA48D1F0A35770092E8ED /* Release */,
			);
			defaultConfigurationIsVisible = 0;
			defaultConfigurationName = Release;
		};
/* End XCConfigurationList section */
	};
	rootObject = 50CBA4741F0A35760092E8ED /* Project object */;
}
